
Microsoft Visual Studio Solution File, Format Version 12.00
# Visual Studio Version 17
VisualStudioVersion = 17.3.32922.545
MinimumVisualStudioVersion = 10.0.40219.1
Project("{FAE04EC0-301F-11D3-BF4B-00C04F79EFBC}") = "portfolio", "portfolio.csproj", "{5E2BB79F-4C47-44A3-BF55-1BA830CDF698}"
EndProject
Global
	GlobalSection(SolutionConfigurationPlatforms) = preSolution
		Debug|Any CPU = Debug|Any CPU
		Release|Any CPU = Release|Any CPU
	EndGlobalSection
	GlobalSection(ProjectConfigurationPlatforms) = postSolution
		{5E2BB79F-4C47-44A3-BF55-1BA830CDF698}.Debug|Any CPU.ActiveCfg = Debug|Any CPU
		{5E2BB79F-4C47-44A3-BF55-1BA830CDF698}.Debug|Any CPU.Build.0 = Debug|Any CPU
		{5E2BB79F-4C47-44A3-BF55-1BA830CDF698}.Release|Any CPU.ActiveCfg = Release|Any CPU
		{5E2BB79F-4C47-44A3-BF55-1BA830CDF698}.Release|Any CPU.Build.0 = Release|Any CPU
	EndGlobalSection
	GlobalSection(SolutionProperties) = preSolution
		HideSolutionNode = FALSE
	EndGlobalSection
	GlobalSection(ExtensibilityGlobals) = postSolution
		SolutionGuid = {8BEE37E8-B6E7-4DB5-A72F-D4751F93D249}
	EndGlobalSection
EndGlobal
